
Microsoft Visual Studio Solution File, Format Version 12.00
# Visual Studio Version 17
VisualStudioVersion = 17.0.31903.59
MinimumVisualStudioVersion = 10.0.40219.1
Project("{FAE04EC0-301F-11D3-BF4B-00C04F79EFBC}") = "JwtStore.Core", "JwtStore.Core\JwtStore.Core.csproj", "{AB5917EC-ED06-470B-B37D-A94A72E89CF7}"
EndProject
Project("{FAE04EC0-301F-11D3-BF4B-00C04F79EFBC}") = "JwtStore.Infra", "JwtStore.Infra\JwtStore.Infra.csproj", "{FB3040CB-2926-4B4A-B2F8-14E28E681D81}"
EndProject
Project("{FAE04EC0-301F-11D3-BF4B-00C04F79EFBC}") = "JwtStore.Api", "JwtStore.Api\JwtStore.Api.csproj", "{367889A7-D7F4-48B1-BCBE-73C1D59A6B26}"
EndProject
Global
	GlobalSection(SolutionConfigurationPlatforms) = preSolution
		Debug|Any CPU = Debug|Any CPU
		Release|Any CPU = Release|Any CPU
	EndGlobalSection
	GlobalSection(SolutionProperties) = preSolution
		HideSolutionNode = FALSE
	EndGlobalSection
	GlobalSection(ProjectConfigurationPlatforms) = postSolution
		{AB5917EC-ED06-470B-B37D-A94A72E89CF7}.Debug|Any CPU.ActiveCfg = Debug|Any CPU
		{AB5917EC-ED06-470B-B37D-A94A72E89CF7}.Debug|Any CPU.Build.0 = Debug|Any CPU
		{AB5917EC-ED06-470B-B37D-A94A72E89CF7}.Release|Any CPU.ActiveCfg = Release|Any CPU
		{AB5917EC-ED06-470B-B37D-A94A72E89CF7}.Release|Any CPU.Build.0 = Release|Any CPU
		{FB3040CB-2926-4B4A-B2F8-14E28E681D81}.Debug|Any CPU.ActiveCfg = Debug|Any CPU
		{FB3040CB-2926-4B4A-B2F8-14E28E681D81}.Debug|Any CPU.Build.0 = Debug|Any CPU
		{FB3040CB-2926-4B4A-B2F8-14E28E681D81}.Release|Any CPU.ActiveCfg = Release|Any CPU
		{FB3040CB-2926-4B4A-B2F8-14E28E681D81}.Release|Any CPU.Build.0 = Release|Any CPU
		{367889A7-D7F4-48B1-BCBE-73C1D59A6B26}.Debug|Any CPU.ActiveCfg = Debug|Any CPU
		{367889A7-D7F4-48B1-BCBE-73C1D59A6B26}.Debug|Any CPU.Build.0 = Debug|Any CPU
		{367889A7-D7F4-48B1-BCBE-73C1D59A6B26}.Release|Any CPU.ActiveCfg = Release|Any CPU
		{367889A7-D7F4-48B1-BCBE-73C1D59A6B26}.Release|Any CPU.Build.0 = Release|Any CPU
	EndGlobalSection
EndGlobal
